

name: testttt

on: push

jobs:
  format-code:
    runs-on: ubuntu-latest

    permissions:
      # Give the default GITHUB_TOKEN write permission to commit and push the
      # added or changed files to the repository.
      contents: write

    steps:
      - uses: actions/checkout@main
        with:
          ref: ${{ github.head_ref }}
          
      - name: adblock
        run: |
          echo "Downloading oisd big block list..."
          curl -s 'https://big.oisd.nl/domainswild' -o oisd_big_domainswild.txt
          awk '/^\*\./ && !x {print "# OpenClash AdBlock: https://github.com/multiitsa/clash-adblock \n\npayload:"; x=1} 1' oisd_big_domainswild.txt > oisd_big.yaml
          sed -i 's/^[*]\./  - DOMAIN-SUFFIX,/g' oisd_big.yaml
          rm -fr oisd_big.yaml e oisd_big_domainswild.txt
  
      # Other steps that change files in the repository go here
      # …

      # Commit all changed files back to the repository
      - uses: stefanzweifel/git-auto-commit-action@v5
